
Microsoft Visual Studio Solution File, Format Version 12.00
# Visual Studio 15
VisualStudioVersion = 15.0.27004.2006
MinimumVisualStudioVersion = 10.0.40219.1
Project("{FAE04EC0-301F-11D3-BF4B-00C04F79EFBC}") = "NullObject", "NullObject\NullObject.csproj", "{1117E645-E842-4348-8AD3-54E47E15EF73}"
EndProject
Project("{FAE04EC0-301F-11D3-BF4B-00C04F79EFBC}") = "Hide_Delegate", "Hide_Delegate\Hide_Delegate.csproj", "{EDD1AAA0-E781-4FFA-92AE-0B234439195B}"
EndProject
Project("{FAE04EC0-301F-11D3-BF4B-00C04F79EFBC}") = "IntroduceLocalExtension", "IntroduceLocalExtension\IntroduceLocalExtension.csproj", "{F013AC4D-6822-43B0-95B5-064C9ECA98BD}"
EndProject
Project("{FAE04EC0-301F-11D3-BF4B-00C04F79EFBC}") = "SplitTemporaryVariable", "SplitTemporaryVariable\SplitTemporaryVariable.csproj", "{54431F68-8231-4E3D-AC6A-32D38B343270}"
EndProject
Project("{FAE04EC0-301F-11D3-BF4B-00C04F79EFBC}") = "MoveMethod", "MoveMethod\MoveMethod.csproj", "{197F1AA4-8523-40BF-983D-78D9525CE85F}"
EndProject
Project("{FAE04EC0-301F-11D3-BF4B-00C04F79EFBC}") = "ReplaceArrayWithObject", "ReplaceArrayWithObject\ReplaceArrayWithObject.csproj", "{143FED59-382E-49E8-A680-6F7C8DD0ED70}"
EndProject
Project("{FAE04EC0-301F-11D3-BF4B-00C04F79EFBC}") = "ComposeMethod", "ComposeMethod\ComposeMethod.csproj", "{B4D8F9F9-D871-4973-80D1-B559559960AE}"
EndProject
Global
	GlobalSection(SolutionConfigurationPlatforms) = preSolution
		Debug|Any CPU = Debug|Any CPU
		Release|Any CPU = Release|Any CPU
	EndGlobalSection
	GlobalSection(ProjectConfigurationPlatforms) = postSolution
		{1117E645-E842-4348-8AD3-54E47E15EF73}.Debug|Any CPU.ActiveCfg = Debug|Any CPU
		{1117E645-E842-4348-8AD3-54E47E15EF73}.Debug|Any CPU.Build.0 = Debug|Any CPU
		{1117E645-E842-4348-8AD3-54E47E15EF73}.Release|Any CPU.ActiveCfg = Release|Any CPU
		{1117E645-E842-4348-8AD3-54E47E15EF73}.Release|Any CPU.Build.0 = Release|Any CPU
		{EDD1AAA0-E781-4FFA-92AE-0B234439195B}.Debug|Any CPU.ActiveCfg = Debug|Any CPU
		{EDD1AAA0-E781-4FFA-92AE-0B234439195B}.Debug|Any CPU.Build.0 = Debug|Any CPU
		{EDD1AAA0-E781-4FFA-92AE-0B234439195B}.Release|Any CPU.ActiveCfg = Release|Any CPU
		{EDD1AAA0-E781-4FFA-92AE-0B234439195B}.Release|Any CPU.Build.0 = Release|Any CPU
		{F013AC4D-6822-43B0-95B5-064C9ECA98BD}.Debug|Any CPU.ActiveCfg = Debug|Any CPU
		{F013AC4D-6822-43B0-95B5-064C9ECA98BD}.Debug|Any CPU.Build.0 = Debug|Any CPU
		{F013AC4D-6822-43B0-95B5-064C9ECA98BD}.Release|Any CPU.ActiveCfg = Release|Any CPU
		{F013AC4D-6822-43B0-95B5-064C9ECA98BD}.Release|Any CPU.Build.0 = Release|Any CPU
		{54431F68-8231-4E3D-AC6A-32D38B343270}.Debug|Any CPU.ActiveCfg = Debug|Any CPU
		{54431F68-8231-4E3D-AC6A-32D38B343270}.Debug|Any CPU.Build.0 = Debug|Any CPU
		{54431F68-8231-4E3D-AC6A-32D38B343270}.Release|Any CPU.ActiveCfg = Release|Any CPU
		{54431F68-8231-4E3D-AC6A-32D38B343270}.Release|Any CPU.Build.0 = Release|Any CPU
		{197F1AA4-8523-40BF-983D-78D9525CE85F}.Debug|Any CPU.ActiveCfg = Debug|Any CPU
		{197F1AA4-8523-40BF-983D-78D9525CE85F}.Debug|Any CPU.Build.0 = Debug|Any CPU
		{197F1AA4-8523-40BF-983D-78D9525CE85F}.Release|Any CPU.ActiveCfg = Release|Any CPU
		{197F1AA4-8523-40BF-983D-78D9525CE85F}.Release|Any CPU.Build.0 = Release|Any CPU
		{143FED59-382E-49E8-A680-6F7C8DD0ED70}.Debug|Any CPU.ActiveCfg = Debug|Any CPU
		{143FED59-382E-49E8-A680-6F7C8DD0ED70}.Debug|Any CPU.Build.0 = Debug|Any CPU
		{143FED59-382E-49E8-A680-6F7C8DD0ED70}.Release|Any CPU.ActiveCfg = Release|Any CPU
		{143FED59-382E-49E8-A680-6F7C8DD0ED70}.Release|Any CPU.Build.0 = Release|Any CPU
		{B4D8F9F9-D871-4973-80D1-B559559960AE}.Debug|Any CPU.ActiveCfg = Debug|Any CPU
		{B4D8F9F9-D871-4973-80D1-B559559960AE}.Debug|Any CPU.Build.0 = Debug|Any CPU
		{B4D8F9F9-D871-4973-80D1-B559559960AE}.Release|Any CPU.ActiveCfg = Release|Any CPU
		{B4D8F9F9-D871-4973-80D1-B559559960AE}.Release|Any CPU.Build.0 = Release|Any CPU
	EndGlobalSection
	GlobalSection(SolutionProperties) = preSolution
		HideSolutionNode = FALSE
	EndGlobalSection
	GlobalSection(ExtensibilityGlobals) = postSolution
		SolutionGuid = {C0AF52A0-0CA0-41AE-92D4-49E48BCB7035}
	EndGlobalSection
EndGlobal
